
Microsoft Visual Studio Solution File, Format Version 12.00
# Visual Studio Version 17
VisualStudioVersion = 17.4.33213.308
MinimumVisualStudioVersion = 10.0.40219.1
Project("{FAE04EC0-301F-11D3-BF4B-00C04F79EFBC}") = "Hello", "Hello\Hello.csproj", "{FA7DCF82-C3F8-4108-A982-8995C55647B2}"
EndProject
Global
	GlobalSection(SolutionConfigurationPlatforms) = preSolution
		Debug|Any CPU = Debug|Any CPU
		Release|Any CPU = Release|Any CPU
	EndGlobalSection
	GlobalSection(ProjectConfigurationPlatforms) = postSolution
		{FA7DCF82-C3F8-4108-A982-8995C55647B2}.Debug|Any CPU.ActiveCfg = Debug|Any CPU
		{FA7DCF82-C3F8-4108-A982-8995C55647B2}.Debug|Any CPU.Build.0 = Debug|Any CPU
		{FA7DCF82-C3F8-4108-A982-8995C55647B2}.Release|Any CPU.ActiveCfg = Release|Any CPU
		{FA7DCF82-C3F8-4108-A982-8995C55647B2}.Release|Any CPU.Build.0 = Release|Any CPU
	EndGlobalSection
	GlobalSection(SolutionProperties) = preSolution
		HideSolutionNode = FALSE
	EndGlobalSection
	GlobalSection(ExtensibilityGlobals) = postSolution
		SolutionGuid = {7A90F89B-3AC6-4D3E-BFAD-43DC1367642E}
	EndGlobalSection
EndGlobal
