
Microsoft Visual Studio Solution File, Format Version 12.00
# Visual Studio Version 17
VisualStudioVersion = 17.4.33213.308
MinimumVisualStudioVersion = 10.0.40219.1
Project("{FAE04EC0-301F-11D3-BF4B-00C04F79EFBC}") = "PasswordCheck", "PasswordCheck\PasswordCheck.csproj", "{7D0C95FE-07B9-4F5E-B2CB-BF39583FF9AD}"
EndProject
Global
	GlobalSection(SolutionConfigurationPlatforms) = preSolution
		Debug|Any CPU = Debug|Any CPU
		Release|Any CPU = Release|Any CPU
	EndGlobalSection
	GlobalSection(ProjectConfigurationPlatforms) = postSolution
		{7D0C95FE-07B9-4F5E-B2CB-BF39583FF9AD}.Debug|Any CPU.ActiveCfg = Debug|Any CPU
		{7D0C95FE-07B9-4F5E-B2CB-BF39583FF9AD}.Debug|Any CPU.Build.0 = Debug|Any CPU
		{7D0C95FE-07B9-4F5E-B2CB-BF39583FF9AD}.Release|Any CPU.ActiveCfg = Release|Any CPU
		{7D0C95FE-07B9-4F5E-B2CB-BF39583FF9AD}.Release|Any CPU.Build.0 = Release|Any CPU
	EndGlobalSection
	GlobalSection(SolutionProperties) = preSolution
		HideSolutionNode = FALSE
	EndGlobalSection
	GlobalSection(ExtensibilityGlobals) = postSolution
		SolutionGuid = {D0B56A60-07C5-466D-B7B7-5DEC28359F08}
	EndGlobalSection
EndGlobal
